
Microsoft Visual Studio Solution File, Format Version 12.00
# Visual Studio Version 16
VisualStudioVersion = 16.0.30225.117
MinimumVisualStudioVersion = 10.0.40219.1
Project("{FAE04EC0-301F-11D3-BF4B-00C04F79EFBC}") = "Listing 6.2 Prisvaivanie object", "Listing 6.2 Prisvaivanie object\Listing 6.2 Prisvaivanie object.csproj", "{9C1C4607-A62D-4AD3-A70A-006D86CC39F6}"
EndProject
Global
	GlobalSection(SolutionConfigurationPlatforms) = preSolution
		Debug|Any CPU = Debug|Any CPU
		Release|Any CPU = Release|Any CPU
	EndGlobalSection
	GlobalSection(ProjectConfigurationPlatforms) = postSolution
		{9C1C4607-A62D-4AD3-A70A-006D86CC39F6}.Debug|Any CPU.ActiveCfg = Debug|Any CPU
		{9C1C4607-A62D-4AD3-A70A-006D86CC39F6}.Debug|Any CPU.Build.0 = Debug|Any CPU
		{9C1C4607-A62D-4AD3-A70A-006D86CC39F6}.Release|Any CPU.ActiveCfg = Release|Any CPU
		{9C1C4607-A62D-4AD3-A70A-006D86CC39F6}.Release|Any CPU.Build.0 = Release|Any CPU
	EndGlobalSection
	GlobalSection(SolutionProperties) = preSolution
		HideSolutionNode = FALSE
	EndGlobalSection
	GlobalSection(ExtensibilityGlobals) = postSolution
		SolutionGuid = {AEC3D0D1-F618-4F3B-A0FC-DA6627A8F60D}
	EndGlobalSection
EndGlobal
