
Microsoft Visual Studio Solution File, Format Version 12.00
# Visual Studio Version 16
VisualStudioVersion = 16.0.30204.135
MinimumVisualStudioVersion = 10.0.40219.1
Project("{FAE04EC0-301F-11D3-BF4B-00C04F79EFBC}") = "Listing 5.3", "Listing 5.3\Listing 5.3.csproj", "{74F31384-24EE-457E-AA2A-AF7195F327DC}"
EndProject
Global
	GlobalSection(SolutionConfigurationPlatforms) = preSolution
		Debug|Any CPU = Debug|Any CPU
		Release|Any CPU = Release|Any CPU
	EndGlobalSection
	GlobalSection(ProjectConfigurationPlatforms) = postSolution
		{74F31384-24EE-457E-AA2A-AF7195F327DC}.Debug|Any CPU.ActiveCfg = Debug|Any CPU
		{74F31384-24EE-457E-AA2A-AF7195F327DC}.Debug|Any CPU.Build.0 = Debug|Any CPU
		{74F31384-24EE-457E-AA2A-AF7195F327DC}.Release|Any CPU.ActiveCfg = Release|Any CPU
		{74F31384-24EE-457E-AA2A-AF7195F327DC}.Release|Any CPU.Build.0 = Release|Any CPU
	EndGlobalSection
	GlobalSection(SolutionProperties) = preSolution
		HideSolutionNode = FALSE
	EndGlobalSection
	GlobalSection(ExtensibilityGlobals) = postSolution
		SolutionGuid = {6C7268AC-849E-487A-AB64-EA17F609CB9C}
	EndGlobalSection
EndGlobal
