
Microsoft Visual Studio Solution File, Format Version 12.00
# Visual Studio Version 16
VisualStudioVersion = 16.0.30621.155
MinimumVisualStudioVersion = 10.0.40219.1
Project("{FAE04EC0-301F-11D3-BF4B-00C04F79EFBC}") = "Listing 9.1 Znakomstvo so svoistvami", "Listing 9.1 Znakomstvo so svoistvami\Listing 9.1 Znakomstvo so svoistvami.csproj", "{D10EE68A-DAD9-447A-885F-32149AE94386}"
EndProject
Global
	GlobalSection(SolutionConfigurationPlatforms) = preSolution
		Debug|Any CPU = Debug|Any CPU
		Release|Any CPU = Release|Any CPU
	EndGlobalSection
	GlobalSection(ProjectConfigurationPlatforms) = postSolution
		{D10EE68A-DAD9-447A-885F-32149AE94386}.Debug|Any CPU.ActiveCfg = Debug|Any CPU
		{D10EE68A-DAD9-447A-885F-32149AE94386}.Debug|Any CPU.Build.0 = Debug|Any CPU
		{D10EE68A-DAD9-447A-885F-32149AE94386}.Release|Any CPU.ActiveCfg = Release|Any CPU
		{D10EE68A-DAD9-447A-885F-32149AE94386}.Release|Any CPU.Build.0 = Release|Any CPU
	EndGlobalSection
	GlobalSection(SolutionProperties) = preSolution
		HideSolutionNode = FALSE
	EndGlobalSection
	GlobalSection(ExtensibilityGlobals) = postSolution
		SolutionGuid = {900FE811-4E20-48F0-BC84-EBA4A4A0A3AC}
	EndGlobalSection
EndGlobal
