
Microsoft Visual Studio Solution File, Format Version 12.00
# Visual Studio Version 16
VisualStudioVersion = 16.0.30717.126
MinimumVisualStudioVersion = 10.0.40219.1
Project("{FAE04EC0-301F-11D3-BF4B-00C04F79EFBC}") = "Listing 10.1 Znakomstvo s nasledovaniem", "Listing 10.1 Znakomstvo s nasledovaniem\Listing 10.1 Znakomstvo s nasledovaniem.csproj", "{5E242A41-4136-4410-8DEA-137004C26668}"
EndProject
Global
	GlobalSection(SolutionConfigurationPlatforms) = preSolution
		Debug|Any CPU = Debug|Any CPU
		Release|Any CPU = Release|Any CPU
	EndGlobalSection
	GlobalSection(ProjectConfigurationPlatforms) = postSolution
		{5E242A41-4136-4410-8DEA-137004C26668}.Debug|Any CPU.ActiveCfg = Debug|Any CPU
		{5E242A41-4136-4410-8DEA-137004C26668}.Debug|Any CPU.Build.0 = Debug|Any CPU
		{5E242A41-4136-4410-8DEA-137004C26668}.Release|Any CPU.ActiveCfg = Release|Any CPU
		{5E242A41-4136-4410-8DEA-137004C26668}.Release|Any CPU.Build.0 = Release|Any CPU
	EndGlobalSection
	GlobalSection(SolutionProperties) = preSolution
		HideSolutionNode = FALSE
	EndGlobalSection
	GlobalSection(ExtensibilityGlobals) = postSolution
		SolutionGuid = {5497DE4F-AA42-44CA-B0BC-9B3BEEDF89F1}
	EndGlobalSection
EndGlobal
