
Microsoft Visual Studio Solution File, Format Version 12.00
# Visual Studio Version 16
VisualStudioVersion = 16.0.30621.155
MinimumVisualStudioVersion = 10.0.40219.1
Project("{FAE04EC0-301F-11D3-BF4B-00C04F79EFBC}") = "Listing 9.3 Properties bez set-aksessora", "Listing 9.3 Properties bez set-aksessora\Listing 9.3 Properties bez set-aksessora.csproj", "{34A79987-22B6-4C02-A36F-7112AD2E51F2}"
EndProject
Global
	GlobalSection(SolutionConfigurationPlatforms) = preSolution
		Debug|Any CPU = Debug|Any CPU
		Release|Any CPU = Release|Any CPU
	EndGlobalSection
	GlobalSection(ProjectConfigurationPlatforms) = postSolution
		{34A79987-22B6-4C02-A36F-7112AD2E51F2}.Debug|Any CPU.ActiveCfg = Debug|Any CPU
		{34A79987-22B6-4C02-A36F-7112AD2E51F2}.Debug|Any CPU.Build.0 = Debug|Any CPU
		{34A79987-22B6-4C02-A36F-7112AD2E51F2}.Release|Any CPU.ActiveCfg = Release|Any CPU
		{34A79987-22B6-4C02-A36F-7112AD2E51F2}.Release|Any CPU.Build.0 = Release|Any CPU
	EndGlobalSection
	GlobalSection(SolutionProperties) = preSolution
		HideSolutionNode = FALSE
	EndGlobalSection
	GlobalSection(ExtensibilityGlobals) = postSolution
		SolutionGuid = {DEF170E5-AD99-40DC-AD3C-40AA06045DB1}
	EndGlobalSection
EndGlobal
