
Microsoft Visual Studio Solution File, Format Version 12.00
# Visual Studio Version 16
VisualStudioVersion = 16.0.30621.155
MinimumVisualStudioVersion = 10.0.40219.1
Project("{FAE04EC0-301F-11D3-BF4B-00C04F79EFBC}") = "Listing 9.6 Static svoistvo", "Listing 9.6 Static svoistvo\Listing 9.6 Static svoistvo.csproj", "{A90DFF4D-3EAF-4758-85B6-91154DA0B932}"
EndProject
Global
	GlobalSection(SolutionConfigurationPlatforms) = preSolution
		Debug|Any CPU = Debug|Any CPU
		Release|Any CPU = Release|Any CPU
	EndGlobalSection
	GlobalSection(ProjectConfigurationPlatforms) = postSolution
		{A90DFF4D-3EAF-4758-85B6-91154DA0B932}.Debug|Any CPU.ActiveCfg = Debug|Any CPU
		{A90DFF4D-3EAF-4758-85B6-91154DA0B932}.Debug|Any CPU.Build.0 = Debug|Any CPU
		{A90DFF4D-3EAF-4758-85B6-91154DA0B932}.Release|Any CPU.ActiveCfg = Release|Any CPU
		{A90DFF4D-3EAF-4758-85B6-91154DA0B932}.Release|Any CPU.Build.0 = Release|Any CPU
	EndGlobalSection
	GlobalSection(SolutionProperties) = preSolution
		HideSolutionNode = FALSE
	EndGlobalSection
	GlobalSection(ExtensibilityGlobals) = postSolution
		SolutionGuid = {15386AAF-41F8-4502-BEC1-830AB6A6776D}
	EndGlobalSection
EndGlobal
