
Microsoft Visual Studio Solution File, Format Version 12.00
# Visual Studio Version 16
VisualStudioVersion = 16.0.30523.141
MinimumVisualStudioVersion = 10.0.40219.1
Project("{FAE04EC0-301F-11D3-BF4B-00C04F79EFBC}") = "Listing 6.6 Static polya i method", "Listing 6.6 Static polya i method\Listing 6.6 Static polya i method.csproj", "{38BC7B94-B8E5-4E5B-ADF2-F0BC34F6E09E}"
EndProject
Global
	GlobalSection(SolutionConfigurationPlatforms) = preSolution
		Debug|Any CPU = Debug|Any CPU
		Release|Any CPU = Release|Any CPU
	EndGlobalSection
	GlobalSection(ProjectConfigurationPlatforms) = postSolution
		{38BC7B94-B8E5-4E5B-ADF2-F0BC34F6E09E}.Debug|Any CPU.ActiveCfg = Debug|Any CPU
		{38BC7B94-B8E5-4E5B-ADF2-F0BC34F6E09E}.Debug|Any CPU.Build.0 = Debug|Any CPU
		{38BC7B94-B8E5-4E5B-ADF2-F0BC34F6E09E}.Release|Any CPU.ActiveCfg = Release|Any CPU
		{38BC7B94-B8E5-4E5B-ADF2-F0BC34F6E09E}.Release|Any CPU.Build.0 = Release|Any CPU
	EndGlobalSection
	GlobalSection(SolutionProperties) = preSolution
		HideSolutionNode = FALSE
	EndGlobalSection
	GlobalSection(ExtensibilityGlobals) = postSolution
		SolutionGuid = {77B52DBF-207D-4185-BECD-7CE79608E928}
	EndGlobalSection
EndGlobal
