
Microsoft Visual Studio Solution File, Format Version 12.00
# Visual Studio Version 16
VisualStudioVersion = 16.0.30225.117
MinimumVisualStudioVersion = 10.0.40219.1
Project("{FAE04EC0-301F-11D3-BF4B-00C04F79EFBC}") = "Listing 6.1 Opisanie class and object", "Listing 6.1 Opisanie class and object\Listing 6.1 Opisanie class and object.csproj", "{632B7CDC-BB6B-484E-8F25-9800E0FA65BF}"
EndProject
Global
	GlobalSection(SolutionConfigurationPlatforms) = preSolution
		Debug|Any CPU = Debug|Any CPU
		Release|Any CPU = Release|Any CPU
	EndGlobalSection
	GlobalSection(ProjectConfigurationPlatforms) = postSolution
		{632B7CDC-BB6B-484E-8F25-9800E0FA65BF}.Debug|Any CPU.ActiveCfg = Debug|Any CPU
		{632B7CDC-BB6B-484E-8F25-9800E0FA65BF}.Debug|Any CPU.Build.0 = Debug|Any CPU
		{632B7CDC-BB6B-484E-8F25-9800E0FA65BF}.Release|Any CPU.ActiveCfg = Release|Any CPU
		{632B7CDC-BB6B-484E-8F25-9800E0FA65BF}.Release|Any CPU.Build.0 = Release|Any CPU
	EndGlobalSection
	GlobalSection(SolutionProperties) = preSolution
		HideSolutionNode = FALSE
	EndGlobalSection
	GlobalSection(ExtensibilityGlobals) = postSolution
		SolutionGuid = {939A2BFF-9A04-4E1A-9A1D-D0AC1FFD79D8}
	EndGlobalSection
EndGlobal
