
Microsoft Visual Studio Solution File, Format Version 12.00
# Visual Studio Version 16
VisualStudioVersion = 16.0.29519.181
MinimumVisualStudioVersion = 10.0.40219.1
Project("{FAE04EC0-301F-11D3-BF4B-00C04F79EFBC}") = "Listing 3.6", "Listing 3.6\Listing 3.6.csproj", "{01A5A3B3-DE5A-4DAA-9FCD-7316DBC7DE1B}"
EndProject
Global
	GlobalSection(SolutionConfigurationPlatforms) = preSolution
		Debug|Any CPU = Debug|Any CPU
		Release|Any CPU = Release|Any CPU
	EndGlobalSection
	GlobalSection(ProjectConfigurationPlatforms) = postSolution
		{01A5A3B3-DE5A-4DAA-9FCD-7316DBC7DE1B}.Debug|Any CPU.ActiveCfg = Debug|Any CPU
		{01A5A3B3-DE5A-4DAA-9FCD-7316DBC7DE1B}.Debug|Any CPU.Build.0 = Debug|Any CPU
		{01A5A3B3-DE5A-4DAA-9FCD-7316DBC7DE1B}.Release|Any CPU.ActiveCfg = Release|Any CPU
		{01A5A3B3-DE5A-4DAA-9FCD-7316DBC7DE1B}.Release|Any CPU.Build.0 = Release|Any CPU
	EndGlobalSection
	GlobalSection(SolutionProperties) = preSolution
		HideSolutionNode = FALSE
	EndGlobalSection
	GlobalSection(ExtensibilityGlobals) = postSolution
		SolutionGuid = {06673D55-5F8E-456C-B4E3-AC7BBB7D2304}
	EndGlobalSection
EndGlobal
