
Microsoft Visual Studio Solution File, Format Version 12.00
# Visual Studio Version 16
VisualStudioVersion = 16.0.29519.181
MinimumVisualStudioVersion = 10.0.40219.1
Project("{FAE04EC0-301F-11D3-BF4B-00C04F79EFBC}") = "Listing 3.15", "Listing 3.15\Listing 3.15.csproj", "{2029FF66-5EDB-493D-A4D8-0ADEF15165DD}"
EndProject
Global
	GlobalSection(SolutionConfigurationPlatforms) = preSolution
		Debug|Any CPU = Debug|Any CPU
		Release|Any CPU = Release|Any CPU
	EndGlobalSection
	GlobalSection(ProjectConfigurationPlatforms) = postSolution
		{2029FF66-5EDB-493D-A4D8-0ADEF15165DD}.Debug|Any CPU.ActiveCfg = Debug|Any CPU
		{2029FF66-5EDB-493D-A4D8-0ADEF15165DD}.Debug|Any CPU.Build.0 = Debug|Any CPU
		{2029FF66-5EDB-493D-A4D8-0ADEF15165DD}.Release|Any CPU.ActiveCfg = Release|Any CPU
		{2029FF66-5EDB-493D-A4D8-0ADEF15165DD}.Release|Any CPU.Build.0 = Release|Any CPU
	EndGlobalSection
	GlobalSection(SolutionProperties) = preSolution
		HideSolutionNode = FALSE
	EndGlobalSection
	GlobalSection(ExtensibilityGlobals) = postSolution
		SolutionGuid = {429140CE-A204-45CC-9BB7-EFDB56279533}
	EndGlobalSection
EndGlobal
