
Microsoft Visual Studio Solution File, Format Version 12.00
# Visual Studio Version 16
VisualStudioVersion = 16.0.30717.126
MinimumVisualStudioVersion = 10.0.40219.1
Project("{FAE04EC0-301F-11D3-BF4B-00C04F79EFBC}") = "Listing 10.2 Nasledovanie b urovni dostupa", "Listing 10.2 Nasledovanie b urovni dostupa\Listing 10.2 Nasledovanie b urovni dostupa.csproj", "{90C0291C-F3EB-4DF3-AC92-CA03F9F7E9F2}"
EndProject
Global
	GlobalSection(SolutionConfigurationPlatforms) = preSolution
		Debug|Any CPU = Debug|Any CPU
		Release|Any CPU = Release|Any CPU
	EndGlobalSection
	GlobalSection(ProjectConfigurationPlatforms) = postSolution
		{90C0291C-F3EB-4DF3-AC92-CA03F9F7E9F2}.Debug|Any CPU.ActiveCfg = Debug|Any CPU
		{90C0291C-F3EB-4DF3-AC92-CA03F9F7E9F2}.Debug|Any CPU.Build.0 = Debug|Any CPU
		{90C0291C-F3EB-4DF3-AC92-CA03F9F7E9F2}.Release|Any CPU.ActiveCfg = Release|Any CPU
		{90C0291C-F3EB-4DF3-AC92-CA03F9F7E9F2}.Release|Any CPU.Build.0 = Release|Any CPU
	EndGlobalSection
	GlobalSection(SolutionProperties) = preSolution
		HideSolutionNode = FALSE
	EndGlobalSection
	GlobalSection(ExtensibilityGlobals) = postSolution
		SolutionGuid = {8D1722A7-DEE6-40D3-B21D-FC78805F99F4}
	EndGlobalSection
EndGlobal
