
Microsoft Visual Studio Solution File, Format Version 12.00
# Visual Studio Version 16
VisualStudioVersion = 16.0.30621.155
MinimumVisualStudioVersion = 10.0.40219.1
Project("{FAE04EC0-301F-11D3-BF4B-00C04F79EFBC}") = "Listing 9.4 Svoistvo bez get", "Listing 9.4 Svoistvo bez get\Listing 9.4 Svoistvo bez get.csproj", "{BB9545C2-2D97-44DE-A40A-9294B8375E7A}"
EndProject
Global
	GlobalSection(SolutionConfigurationPlatforms) = preSolution
		Debug|Any CPU = Debug|Any CPU
		Release|Any CPU = Release|Any CPU
	EndGlobalSection
	GlobalSection(ProjectConfigurationPlatforms) = postSolution
		{BB9545C2-2D97-44DE-A40A-9294B8375E7A}.Debug|Any CPU.ActiveCfg = Debug|Any CPU
		{BB9545C2-2D97-44DE-A40A-9294B8375E7A}.Debug|Any CPU.Build.0 = Debug|Any CPU
		{BB9545C2-2D97-44DE-A40A-9294B8375E7A}.Release|Any CPU.ActiveCfg = Release|Any CPU
		{BB9545C2-2D97-44DE-A40A-9294B8375E7A}.Release|Any CPU.Build.0 = Release|Any CPU
	EndGlobalSection
	GlobalSection(SolutionProperties) = preSolution
		HideSolutionNode = FALSE
	EndGlobalSection
	GlobalSection(ExtensibilityGlobals) = postSolution
		SolutionGuid = {2FB244F9-7B0A-4AE9-98D4-9B5C6E119AD3}
	EndGlobalSection
EndGlobal
