
Microsoft Visual Studio Solution File, Format Version 12.00
# Visual Studio Version 16
VisualStudioVersion = 16.0.30621.155
MinimumVisualStudioVersion = 10.0.40219.1
Project("{FAE04EC0-301F-11D3-BF4B-00C04F79EFBC}") = "Listing 9.5 Ispolzovanie razlichnih svoistv", "Listing 9.5 Ispolzovanie razlichnih svoistv\Listing 9.5 Ispolzovanie razlichnih svoistv.csproj", "{AC0A64DD-B3C5-48AE-B6D6-00BA9C38CC02}"
EndProject
Global
	GlobalSection(SolutionConfigurationPlatforms) = preSolution
		Debug|Any CPU = Debug|Any CPU
		Release|Any CPU = Release|Any CPU
	EndGlobalSection
	GlobalSection(ProjectConfigurationPlatforms) = postSolution
		{AC0A64DD-B3C5-48AE-B6D6-00BA9C38CC02}.Debug|Any CPU.ActiveCfg = Debug|Any CPU
		{AC0A64DD-B3C5-48AE-B6D6-00BA9C38CC02}.Debug|Any CPU.Build.0 = Debug|Any CPU
		{AC0A64DD-B3C5-48AE-B6D6-00BA9C38CC02}.Release|Any CPU.ActiveCfg = Release|Any CPU
		{AC0A64DD-B3C5-48AE-B6D6-00BA9C38CC02}.Release|Any CPU.Build.0 = Release|Any CPU
	EndGlobalSection
	GlobalSection(SolutionProperties) = preSolution
		HideSolutionNode = FALSE
	EndGlobalSection
	GlobalSection(ExtensibilityGlobals) = postSolution
		SolutionGuid = {253A85AB-C698-4DD0-8A08-D8671FE8949D}
	EndGlobalSection
EndGlobal
