
Microsoft Visual Studio Solution File, Format Version 12.00
# Visual Studio Version 16
VisualStudioVersion = 16.0.30611.23
MinimumVisualStudioVersion = 10.0.40219.1
Project("{FAE04EC0-301F-11D3-BF4B-00C04F79EFBC}") = "Listing 7.6 Razbienie strok i registr simvolov", "Listing 7.6 Razbienie strok i registr simvolov\Listing 7.6 Razbienie strok i registr simvolov.csproj", "{90832FDF-EBE1-4EA8-A207-6FD0D0B88A00}"
EndProject
Global
	GlobalSection(SolutionConfigurationPlatforms) = preSolution
		Debug|Any CPU = Debug|Any CPU
		Release|Any CPU = Release|Any CPU
	EndGlobalSection
	GlobalSection(ProjectConfigurationPlatforms) = postSolution
		{90832FDF-EBE1-4EA8-A207-6FD0D0B88A00}.Debug|Any CPU.ActiveCfg = Debug|Any CPU
		{90832FDF-EBE1-4EA8-A207-6FD0D0B88A00}.Debug|Any CPU.Build.0 = Debug|Any CPU
		{90832FDF-EBE1-4EA8-A207-6FD0D0B88A00}.Release|Any CPU.ActiveCfg = Release|Any CPU
		{90832FDF-EBE1-4EA8-A207-6FD0D0B88A00}.Release|Any CPU.Build.0 = Release|Any CPU
	EndGlobalSection
	GlobalSection(SolutionProperties) = preSolution
		HideSolutionNode = FALSE
	EndGlobalSection
	GlobalSection(ExtensibilityGlobals) = postSolution
		SolutionGuid = {A2AC58BE-1E10-4F96-A8E0-8110FB48D42F}
	EndGlobalSection
EndGlobal
