
Microsoft Visual Studio Solution File, Format Version 12.00
# Visual Studio Version 16
VisualStudioVersion = 16.0.29519.181
MinimumVisualStudioVersion = 10.0.40219.1
Project("{FAE04EC0-301F-11D3-BF4B-00C04F79EFBC}") = "листинг 1.6", "листинг 1.6\листинг 1.6.csproj", "{B680472F-C5E6-46D6-8F74-7FBE37507DB5}"
EndProject
Global
	GlobalSection(SolutionConfigurationPlatforms) = preSolution
		Debug|Any CPU = Debug|Any CPU
		Release|Any CPU = Release|Any CPU
	EndGlobalSection
	GlobalSection(ProjectConfigurationPlatforms) = postSolution
		{B680472F-C5E6-46D6-8F74-7FBE37507DB5}.Debug|Any CPU.ActiveCfg = Debug|Any CPU
		{B680472F-C5E6-46D6-8F74-7FBE37507DB5}.Debug|Any CPU.Build.0 = Debug|Any CPU
		{B680472F-C5E6-46D6-8F74-7FBE37507DB5}.Release|Any CPU.ActiveCfg = Release|Any CPU
		{B680472F-C5E6-46D6-8F74-7FBE37507DB5}.Release|Any CPU.Build.0 = Release|Any CPU
	EndGlobalSection
	GlobalSection(SolutionProperties) = preSolution
		HideSolutionNode = FALSE
	EndGlobalSection
	GlobalSection(ExtensibilityGlobals) = postSolution
		SolutionGuid = {100D360C-3F4B-4822-8968-E064D921BE16}
	EndGlobalSection
EndGlobal
