
Microsoft Visual Studio Solution File, Format Version 12.00
# Visual Studio Version 16
VisualStudioVersion = 16.0.30523.141
MinimumVisualStudioVersion = 10.0.40219.1
Project("{FAE04EC0-301F-11D3-BF4B-00C04F79EFBC}") = "Listing 6.7 Using static poley i method", "Listing 6.7 Using static poley i method\Listing 6.7 Using static poley i method.csproj", "{84375E8B-0A7A-4FAF-B989-38F4CDDC7606}"
EndProject
Global
	GlobalSection(SolutionConfigurationPlatforms) = preSolution
		Debug|Any CPU = Debug|Any CPU
		Release|Any CPU = Release|Any CPU
	EndGlobalSection
	GlobalSection(ProjectConfigurationPlatforms) = postSolution
		{84375E8B-0A7A-4FAF-B989-38F4CDDC7606}.Debug|Any CPU.ActiveCfg = Debug|Any CPU
		{84375E8B-0A7A-4FAF-B989-38F4CDDC7606}.Debug|Any CPU.Build.0 = Debug|Any CPU
		{84375E8B-0A7A-4FAF-B989-38F4CDDC7606}.Release|Any CPU.ActiveCfg = Release|Any CPU
		{84375E8B-0A7A-4FAF-B989-38F4CDDC7606}.Release|Any CPU.Build.0 = Release|Any CPU
	EndGlobalSection
	GlobalSection(SolutionProperties) = preSolution
		HideSolutionNode = FALSE
	EndGlobalSection
	GlobalSection(ExtensibilityGlobals) = postSolution
		SolutionGuid = {08050B77-32FC-4522-B195-51589CF7473A}
	EndGlobalSection
EndGlobal
